
Microsoft Visual Studio Solution File, Format Version 12.00
# Visual Studio Version 17
VisualStudioVersion = 17.11.35312.102
MinimumVisualStudioVersion = 10.0.40219.1
Project("{FAE04EC0-301F-11D3-BF4B-00C04F79EFBC}") = "MS.WebAPI", "MS.WebAPI\MS.WebAPI.csproj", "{664763A3-9CAD-4B3E-B3FE-F4D7C2A0118E}"
EndProject
Project("{FAE04EC0-301F-11D3-BF4B-00C04F79EFBC}") = "MS.InfrastructureLayer", "MS.InfrastructureLayer\MS.InfrastructureLayer.csproj", "{C846A6E8-9879-45F2-85F9-B84FC089740B}"
EndProject
Project("{FAE04EC0-301F-11D3-BF4B-00C04F79EFBC}") = "MS.DomainLayer", "MS.DomainLayer\MS.DomainLayer.csproj", "{125CE4C6-EC85-4CBB-82A8-60C81D8510CF}"
EndProject
Global
	GlobalSection(SolutionConfigurationPlatforms) = preSolution
		Debug|Any CPU = Debug|Any CPU
		Release|Any CPU = Release|Any CPU
	EndGlobalSection
	GlobalSection(ProjectConfigurationPlatforms) = postSolution
		{664763A3-9CAD-4B3E-B3FE-F4D7C2A0118E}.Debug|Any CPU.ActiveCfg = Debug|Any CPU
		{664763A3-9CAD-4B3E-B3FE-F4D7C2A0118E}.Debug|Any CPU.Build.0 = Debug|Any CPU
		{664763A3-9CAD-4B3E-B3FE-F4D7C2A0118E}.Release|Any CPU.ActiveCfg = Release|Any CPU
		{664763A3-9CAD-4B3E-B3FE-F4D7C2A0118E}.Release|Any CPU.Build.0 = Release|Any CPU
		{C846A6E8-9879-45F2-85F9-B84FC089740B}.Debug|Any CPU.ActiveCfg = Debug|Any CPU
		{C846A6E8-9879-45F2-85F9-B84FC089740B}.Debug|Any CPU.Build.0 = Debug|Any CPU
		{C846A6E8-9879-45F2-85F9-B84FC089740B}.Release|Any CPU.ActiveCfg = Release|Any CPU
		{C846A6E8-9879-45F2-85F9-B84FC089740B}.Release|Any CPU.Build.0 = Release|Any CPU
		{125CE4C6-EC85-4CBB-82A8-60C81D8510CF}.Debug|Any CPU.ActiveCfg = Debug|Any CPU
		{125CE4C6-EC85-4CBB-82A8-60C81D8510CF}.Debug|Any CPU.Build.0 = Debug|Any CPU
		{125CE4C6-EC85-4CBB-82A8-60C81D8510CF}.Release|Any CPU.ActiveCfg = Release|Any CPU
		{125CE4C6-EC85-4CBB-82A8-60C81D8510CF}.Release|Any CPU.Build.0 = Release|Any CPU
	EndGlobalSection
	GlobalSection(SolutionProperties) = preSolution
		HideSolutionNode = FALSE
	EndGlobalSection
	GlobalSection(ExtensibilityGlobals) = postSolution
		SolutionGuid = {608C1DFD-5ABA-4ED7-91E1-48553C79A8F9}
	EndGlobalSection
EndGlobal
